
Microsoft Visual Studio Solution File, Format Version 12.00
Project("{FAE04EC0-301F-11D3-BF4B-00C04F79EFBC}") = "Register.API", "src\Register.API\Register.API.csproj", "{C8F460AF-9D01-4D5A-B8C5-64D80BF7A910}"
EndProject
Project("{FAE04EC0-301F-11D3-BF4B-00C04F79EFBC}") = "Register.Function", "src\Register.Function\Register.Function.csproj", "{B9739901-73AA-41F3-BF88-D4BFF775E1FD}"
EndProject
Global
	GlobalSection(SolutionConfigurationPlatforms) = preSolution
		Debug|Any CPU = Debug|Any CPU
		Release|Any CPU = Release|Any CPU
	EndGlobalSection
	GlobalSection(ProjectConfigurationPlatforms) = postSolution
		{C8F460AF-9D01-4D5A-B8C5-64D80BF7A910}.Debug|Any CPU.ActiveCfg = Debug|Any CPU
		{C8F460AF-9D01-4D5A-B8C5-64D80BF7A910}.Debug|Any CPU.Build.0 = Debug|Any CPU
		{C8F460AF-9D01-4D5A-B8C5-64D80BF7A910}.Release|Any CPU.ActiveCfg = Release|Any CPU
		{C8F460AF-9D01-4D5A-B8C5-64D80BF7A910}.Release|Any CPU.Build.0 = Release|Any CPU
		{B9739901-73AA-41F3-BF88-D4BFF775E1FD}.Debug|Any CPU.ActiveCfg = Debug|Any CPU
		{B9739901-73AA-41F3-BF88-D4BFF775E1FD}.Debug|Any CPU.Build.0 = Debug|Any CPU
		{B9739901-73AA-41F3-BF88-D4BFF775E1FD}.Release|Any CPU.ActiveCfg = Release|Any CPU
		{B9739901-73AA-41F3-BF88-D4BFF775E1FD}.Release|Any CPU.Build.0 = Release|Any CPU
	EndGlobalSection
EndGlobal
